dependencies:
- name: prometheus
  repository: https://prometheus-community.github.io/helm-charts
  version: 27.29.1
- name: fluent-bit
  repository: https://fluent.github.io/helm-charts
  version: 0.51.0
digest: sha256:e9696459013cdd85875cc256aa0723bc30e25c4c90e93469dab081c0305af430
generated: "2025-08-08T06:13:27.601384723Z"
