dependencies:
- name: prometheus
  repository: https://prometheus-community.github.io/helm-charts
  version: 27.5.1
- name: fluent-bit
  repository: https://fluent.github.io/helm-charts
  version: 0.48.8
digest: sha256:c396a81fc232dc8faf5643aa90394284880caebf519ccb5d516a3d5add8bf4c4
generated: "2025-03-04T10:36:23.869230779+09:00"
