dependencies:
- name: prometheus
  repository: https://prometheus-community.github.io/helm-charts
  version: 22.6.2
- name: fluent-bit
  repository: https://fluent.github.io/helm-charts
  version: 0.29.0
digest: sha256:1aa0235db145b164f4193234972f9a1a2ec0195e3841f2d7a8c3a2b4974a58a3
generated: "2023-05-24T07:34:43.211408564Z"
