dependencies:
- name: prometheus
  repository: https://prometheus-community.github.io/helm-charts
  version: 22.6.2
- name: fluent-bit
  repository: https://fluent.github.io/helm-charts
  version: 0.29.0
digest: sha256:c4876f7f2b04bb6915283ced9d4820c4c634e51eddf95350eb6a05947f3b84cc
generated: "2023-05-24T14:57:04.506636946Z"
